
Microsoft Visual Studio Solution File, Format Version 12.00
# Visual Studio Version 17
VisualStudioVersion = 17.9.34701.34
MinimumVisualStudioVersion = 10.0.40219.1
Project("{9A19103F-16F7-4668-BE54-9A1E7A4F7556}") = "DeliveryCompanies", "DeliveryCompanies.csproj", "{CBE8629E-D6BD-4235-BD99-899C0B8F583A}"
EndProject
Global
	GlobalSection(SolutionConfigurationPlatforms) = preSolution
		Debug|Any CPU = Debug|Any CPU
		Release|Any CPU = Release|Any CPU
	EndGlobalSection
	GlobalSection(ProjectConfigurationPlatforms) = postSolution
		{CBE8629E-D6BD-4235-BD99-899C0B8F583A}.Debug|Any CPU.ActiveCfg = Debug|Any CPU
		{CBE8629E-D6BD-4235-BD99-899C0B8F583A}.Debug|Any CPU.Build.0 = Debug|Any CPU
		{CBE8629E-D6BD-4235-BD99-899C0B8F583A}.Release|Any CPU.ActiveCfg = Release|Any CPU
		{CBE8629E-D6BD-4235-BD99-899C0B8F583A}.Release|Any CPU.Build.0 = Release|Any CPU
	EndGlobalSection
	GlobalSection(SolutionProperties) = preSolution
		HideSolutionNode = FALSE
	EndGlobalSection
	GlobalSection(ExtensibilityGlobals) = postSolution
		SolutionGuid = {EC538FC6-BC64-45B9-BA59-78E49B75A680}
	EndGlobalSection
EndGlobal
