
Microsoft Visual Studio Solution File, Format Version 12.00
# Visual Studio Version 17
VisualStudioVersion = 17.9.34723.18
MinimumVisualStudioVersion = 10.0.40219.1
Project("{FAE04EC0-301F-11D3-BF4B-00C04F79EFBC}") = "DeliveryCompanies_lab4", "DeliveryCompanies_lab4.csproj", "{04BFDD4D-DF8C-45B2-9447-9EBC613EF461}"
EndProject
Global
	GlobalSection(SolutionConfigurationPlatforms) = preSolution
		Debug|Any CPU = Debug|Any CPU
		Release|Any CPU = Release|Any CPU
	EndGlobalSection
	GlobalSection(ProjectConfigurationPlatforms) = postSolution
		{04BFDD4D-DF8C-45B2-9447-9EBC613EF461}.Debug|Any CPU.ActiveCfg = Debug|Any CPU
		{04BFDD4D-DF8C-45B2-9447-9EBC613EF461}.Debug|Any CPU.Build.0 = Debug|Any CPU
		{04BFDD4D-DF8C-45B2-9447-9EBC613EF461}.Release|Any CPU.ActiveCfg = Release|Any CPU
		{04BFDD4D-DF8C-45B2-9447-9EBC613EF461}.Release|Any CPU.Build.0 = Release|Any CPU
	EndGlobalSection
	GlobalSection(SolutionProperties) = preSolution
		HideSolutionNode = FALSE
	EndGlobalSection
	GlobalSection(ExtensibilityGlobals) = postSolution
		SolutionGuid = {5C402D88-8B27-4B43-8C90-754FC12FFABE}
	EndGlobalSection
EndGlobal
