
Microsoft Visual Studio Solution File, Format Version 12.00
# Visual Studio Version 17
VisualStudioVersion = 17.9.34622.214
MinimumVisualStudioVersion = 10.0.40219.1
Project("{FAE04EC0-301F-11D3-BF4B-00C04F79EFBC}") = "Szem2", "Szem2.csproj", "{CBC2DC11-FEE8-4B60-BD5A-F150F657062D}"
EndProject
Global
	GlobalSection(SolutionConfigurationPlatforms) = preSolution
		Debug|Any CPU = Debug|Any CPU
		Release|Any CPU = Release|Any CPU
	EndGlobalSection
	GlobalSection(ProjectConfigurationPlatforms) = postSolution
		{CBC2DC11-FEE8-4B60-BD5A-F150F657062D}.Debug|Any CPU.ActiveCfg = Debug|Any CPU
		{CBC2DC11-FEE8-4B60-BD5A-F150F657062D}.Debug|Any CPU.Build.0 = Debug|Any CPU
		{CBC2DC11-FEE8-4B60-BD5A-F150F657062D}.Release|Any CPU.ActiveCfg = Release|Any CPU
		{CBC2DC11-FEE8-4B60-BD5A-F150F657062D}.Release|Any CPU.Build.0 = Release|Any CPU
	EndGlobalSection
	GlobalSection(SolutionProperties) = preSolution
		HideSolutionNode = FALSE
	EndGlobalSection
	GlobalSection(ExtensibilityGlobals) = postSolution
		SolutionGuid = {B52B4D64-2B21-4E13-90E4-4424FA664BD8}
	EndGlobalSection
EndGlobal
